# -------------------------------------------------------------------------- #
#
# Copyright (C) 2018  Intel Corporation. All rights reserved.
# Your use of Intel Corporation's design tools, logic functions 
# and other software and tools, and its AMPP partner logic 
# functions, and any output files from any of the foregoing 
# (including device programming or simulation files), and any 
# associated documentation or information are expressly subject 
# to the terms and conditions of the Intel Program License 
# Subscription Agreement, the Intel Quartus Prime License Agreement,
# the Intel FPGA IP License Agreement, or other applicable license
# agreement, including, without limitation, that your use is for
# the sole purpose of programming logic devices manufactured by
# Intel and sold by Intel or its authorized distributors.  Please
# refer to the applicable agreement for further details.
#
# -------------------------------------------------------------------------- #
#
# Quartus Prime
# Version 18.1.0 Build 625 09/12/2018 SJ Lite Edition
# Date created = 21:29:40  June 30, 2025
#
# -------------------------------------------------------------------------- #
#
# Notes:
#
# 1) The default values for assignments are stored in the file:
#		MicroProcessador_assignment_defaults.qdf
#    If this file doesn't exist, see file:
#		assignment_defaults.qdf
#
# 2) Altera recommends that you do not modify this file. This
#    file is updated automatically by the Quartus Prime software
#    and any changes you make may be lost or overwritten.
#
# -------------------------------------------------------------------------- #


set_global_assignment -name FAMILY "MAX 10"
set_global_assignment -name DEVICE 10M50DAF484I7G
set_global_assignment -name TOP_LEVEL_ENTITY processador
set_global_assignment -name ORIGINAL_QUARTUS_VERSION 18.1.0
set_global_assignment -name PROJECT_CREATION_TIME_DATE "21:29:40  JUNE 30, 2025"
set_global_assignment -name LAST_QUARTUS_VERSION "18.1.0 Lite Edition"
set_global_assignment -name PROJECT_OUTPUT_DIRECTORY output_files
set_global_assignment -name MIN_CORE_JUNCTION_TEMP "-40"
set_global_assignment -name MAX_CORE_JUNCTION_TEMP 100
set_global_assignment -name DEVICE_FILTER_PIN_COUNT 484
set_global_assignment -name DEVICE_FILTER_SPEED_GRADE 7
set_global_assignment -name ERROR_CHECK_FREQUENCY_DIVISOR 256
set_global_assignment -name POWER_PRESET_COOLING_SOLUTION "23 MM HEAT SINK WITH 200 LFPM AIRFLOW"
set_global_assignment -name POWER_BOARD_THERMAL_MODEL "NONE (CONSERVATIVE)"
set_global_assignment -name PARTITION_NETLIST_TYPE SOURCE -section_id Top
set_global_assignment -name PARTITION_FITTER_PRESERVATION_LEVEL PLACEMENT_AND_ROUTING -section_id Top
set_global_assignment -name PARTITION_COLOR 16764057 -section_id Top
set_location_assignment PIN_C14 -to S1_1
set_location_assignment PIN_E15 -to S2_1
set_location_assignment PIN_C15 -to S3_1
set_location_assignment PIN_C16 -to S4_1
set_location_assignment PIN_E16 -to S5_1
set_location_assignment PIN_D17 -to S6_1
set_location_assignment PIN_C17 -to S7_1
set_location_assignment PIN_C18 -to S1_2
set_location_assignment PIN_D18 -to S2_2
set_location_assignment PIN_E18 -to S3_2
set_location_assignment PIN_B16 -to S4_2
set_location_assignment PIN_A17 -to S5_2
set_location_assignment PIN_A18 -to S6_2
set_location_assignment PIN_B17 -to S7_2
set_location_assignment PIN_C10 -to rst
set_global_assignment -name SOURCE_FILE Timing_Reference.cmp
set_global_assignment -name VHDL_FILE Timing_Reference2Hz.vhd
set_global_assignment -name VHDL_FILE Timing_Reference.vhd
set_global_assignment -name BDF_FILE Display7SEG.bdf
set_global_assignment -name SOURCE_FILE Display7SEG.cmp
set_global_assignment -name BDF_FILE ConversorHEX7SEG.bdf
set_global_assignment -name VHDL_FILE ULA.vhd
set_global_assignment -name VHDL_FILE ConversorHEX7SEG_aresta_g.vhd
set_global_assignment -name VHDL_FILE ConversorHEX7SEG_aresta_f.vhd
set_global_assignment -name VHDL_FILE ConversorHEX7SEG_aresta_e.vhd
set_global_assignment -name VHDL_FILE ConversorHEX7SEG_aresta_d.vhd
set_global_assignment -name VHDL_FILE ConversorHEX7SEG_aresta_c.vhd
set_global_assignment -name VHDL_FILE ConversorHEX7SEG_aresta_b.vhd
set_global_assignment -name VHDL_FILE ConversorHEX7SEG_aresta_a.vhd
set_global_assignment -name VHDL_FILE UC.vhd
set_global_assignment -name VHDL_FILE rom.vhd
set_global_assignment -name VHDL_FILE regsMaisULA.vhd
set_global_assignment -name VHDL_FILE reg7bits.vhd
set_global_assignment -name VHDL_FILE reg1bit.vhd
set_global_assignment -name VHDL_FILE reg16bits.vhd
set_global_assignment -name VHDL_FILE ram.vhd
set_global_assignment -name VHDL_FILE processador.vhd
set_global_assignment -name VHDL_FILE PCMaisUCMaisROM.vhd
set_global_assignment -name VHDL_FILE PC.vhd
set_global_assignment -name VHDL_FILE maq_estados_tb.vhd
set_global_assignment -name VHDL_FILE maq_estados.vhd
set_global_assignment -name VHDL_FILE decoder3x6.vhd
set_global_assignment -name VHDL_FILE bancoRegs.vhd
set_instance_assignment -name PARTITION_HIERARCHY root_partition -to | -section_id Top
set_location_assignment PIN_P11 -to clk_in